
Microsoft Visual Studio Solution File, Format Version 12.00
# Visual Studio Version 17
VisualStudioVersion = 17.9.34723.18
MinimumVisualStudioVersion = 10.0.40219.1
Project("{FAE04EC0-301F-11D3-BF4B-00C04F79EFBC}") = "Social Media 2.0", "Social Media 2.0\Social Media 2.0.csproj", "{5130F17C-6B6F-4D61-9581-22010B389B17}"
EndProject
Global
	GlobalSection(SolutionConfigurationPlatforms) = preSolution
		Debug|Any CPU = Debug|Any CPU
		Release|Any CPU = Release|Any CPU
	EndGlobalSection
	GlobalSection(ProjectConfigurationPlatforms) = postSolution
		{5130F17C-6B6F-4D61-9581-22010B389B17}.Debug|Any CPU.ActiveCfg = Debug|Any CPU
		{5130F17C-6B6F-4D61-9581-22010B389B17}.Debug|Any CPU.Build.0 = Debug|Any CPU
		{5130F17C-6B6F-4D61-9581-22010B389B17}.Release|Any CPU.ActiveCfg = Release|Any CPU
		{5130F17C-6B6F-4D61-9581-22010B389B17}.Release|Any CPU.Build.0 = Release|Any CPU
	EndGlobalSection
	GlobalSection(SolutionProperties) = preSolution
		HideSolutionNode = FALSE
	EndGlobalSection
	GlobalSection(ExtensibilityGlobals) = postSolution
		SolutionGuid = {1C85D80E-D165-442B-BCF9-F15406396839}
	EndGlobalSection
EndGlobal
